
Microsoft Visual Studio Solution File, Format Version 12.00
# Visual Studio 15
VisualStudioVersion = 15.0.27004.2005
MinimumVisualStudioVersion = 10.0.40219.1
Project("{FAE04EC0-301F-11D3-BF4B-00C04F79EFBC}") = "PiConsole", "PiConsole\PiConsole.csproj", "{C0905BFF-C6C0-4AC0-BDF9-DE6BCED479ED}"
EndProject
Project("{FAE04EC0-301F-11D3-BF4B-00C04F79EFBC}") = "TriangleConsole", "TriangleConsole\TriangleConsole.csproj", "{DDC5B694-F0EF-4555-B650-A475BBCFB4C3}"
EndProject
Project("{FAE04EC0-301F-11D3-BF4B-00C04F79EFBC}") = "PolygonConsole)", "PolygonConsole)\PolygonConsole).csproj", "{2E2B3FB5-3B23-471D-B237-D7C754B4DF3C}"
EndProject
Global
	GlobalSection(SolutionConfigurationPlatforms) = preSolution
		Debug|Any CPU = Debug|Any CPU
		Release|Any CPU = Release|Any CPU
	EndGlobalSection
	GlobalSection(ProjectConfigurationPlatforms) = postSolution
		{C0905BFF-C6C0-4AC0-BDF9-DE6BCED479ED}.Debug|Any CPU.ActiveCfg = Debug|Any CPU
		{C0905BFF-C6C0-4AC0-BDF9-DE6BCED479ED}.Debug|Any CPU.Build.0 = Debug|Any CPU
		{C0905BFF-C6C0-4AC0-BDF9-DE6BCED479ED}.Release|Any CPU.ActiveCfg = Release|Any CPU
		{C0905BFF-C6C0-4AC0-BDF9-DE6BCED479ED}.Release|Any CPU.Build.0 = Release|Any CPU
		{DDC5B694-F0EF-4555-B650-A475BBCFB4C3}.Debug|Any CPU.ActiveCfg = Debug|Any CPU
		{DDC5B694-F0EF-4555-B650-A475BBCFB4C3}.Debug|Any CPU.Build.0 = Debug|Any CPU
		{DDC5B694-F0EF-4555-B650-A475BBCFB4C3}.Release|Any CPU.ActiveCfg = Release|Any CPU
		{DDC5B694-F0EF-4555-B650-A475BBCFB4C3}.Release|Any CPU.Build.0 = Release|Any CPU
		{2E2B3FB5-3B23-471D-B237-D7C754B4DF3C}.Debug|Any CPU.ActiveCfg = Debug|Any CPU
		{2E2B3FB5-3B23-471D-B237-D7C754B4DF3C}.Debug|Any CPU.Build.0 = Debug|Any CPU
		{2E2B3FB5-3B23-471D-B237-D7C754B4DF3C}.Release|Any CPU.ActiveCfg = Release|Any CPU
		{2E2B3FB5-3B23-471D-B237-D7C754B4DF3C}.Release|Any CPU.Build.0 = Release|Any CPU
	EndGlobalSection
	GlobalSection(SolutionProperties) = preSolution
		HideSolutionNode = FALSE
	EndGlobalSection
	GlobalSection(ExtensibilityGlobals) = postSolution
		SolutionGuid = {EA5B3B59-6DC9-4FE2-87FA-03497B7C2721}
	EndGlobalSection
EndGlobal
